dependencies:
- name: base
  repository: https://istio-release.storage.googleapis.com/charts
  version: 1.20.2
- name: istiod
  repository: https://istio-release.storage.googleapis.com/charts
  version: 1.20.2
- name: gateway
  repository: https://istio-release.storage.googleapis.com/charts
  version: 1.20.2
digest: sha256:a458dd355df83ccbe55d48e40754014983c33b4960c454baad62069c530091c9
generated: "2025-05-25T02:52:37.82023-05:00"
